
Microsoft Visual Studio Solution File, Format Version 12.00
# Visual Studio Version 16
VisualStudioVersion = 16.0.31702.278
MinimumVisualStudioVersion = 10.0.40219.1
Project("{FAE04EC0-301F-11D3-BF4B-00C04F79EFBC}") = "PrimerApp", "PrimerApp\PrimerApp.csproj", "{578CC683-CC72-4D15-9673-668756143613}"
EndProject
Project("{FAE04EC0-301F-11D3-BF4B-00C04F79EFBC}") = "PrimerBiblioteca", "PrimerBiblioteca\PrimerBiblioteca.csproj", "{48835AFA-8643-450B-A44D-D351DF644848}"
EndProject
Global
	GlobalSection(SolutionConfigurationPlatforms) = preSolution
		Debug|Any CPU = Debug|Any CPU
		Release|Any CPU = Release|Any CPU
	EndGlobalSection
	GlobalSection(ProjectConfigurationPlatforms) = postSolution
		{578CC683-CC72-4D15-9673-668756143613}.Debug|Any CPU.ActiveCfg = Debug|Any CPU
		{578CC683-CC72-4D15-9673-668756143613}.Debug|Any CPU.Build.0 = Debug|Any CPU
		{578CC683-CC72-4D15-9673-668756143613}.Release|Any CPU.ActiveCfg = Release|Any CPU
		{578CC683-CC72-4D15-9673-668756143613}.Release|Any CPU.Build.0 = Release|Any CPU
		{48835AFA-8643-450B-A44D-D351DF644848}.Debug|Any CPU.ActiveCfg = Debug|Any CPU
		{48835AFA-8643-450B-A44D-D351DF644848}.Debug|Any CPU.Build.0 = Debug|Any CPU
		{48835AFA-8643-450B-A44D-D351DF644848}.Release|Any CPU.ActiveCfg = Release|Any CPU
		{48835AFA-8643-450B-A44D-D351DF644848}.Release|Any CPU.Build.0 = Release|Any CPU
	EndGlobalSection
	GlobalSection(SolutionProperties) = preSolution
		HideSolutionNode = FALSE
	EndGlobalSection
	GlobalSection(ExtensibilityGlobals) = postSolution
		SolutionGuid = {A2F6F959-FDCF-4695-8366-28B7E43BC634}
	EndGlobalSection
EndGlobal
